
Microsoft Visual Studio Solution File, Format Version 12.00
# Visual Studio Version 16
VisualStudioVersion = 16.0.30804.86
MinimumVisualStudioVersion = 10.0.40219.1
Project("{9A19103F-16F7-4668-BE54-9A1E7A4F7556}") = "PedalShifter", "PedalShifter\PedalShifter.csproj", "{D2E5EBCE-00D5-406C-AEED-AFAA94DD24C6}"
EndProject
Project("{9A19103F-16F7-4668-BE54-9A1E7A4F7556}") = "PedalShifter.Data", "PedalShifter.Data\PedalShifter.Data.csproj", "{0CA8B1DC-BFED-474E-B5E5-F13A6D42811A}"
EndProject
Project("{9A19103F-16F7-4668-BE54-9A1E7A4F7556}") = "PedalShifter.Domain", "PedalShifter.Domain\PedalShifter.Domain.csproj", "{EBBFC079-F798-44AA-A417-B15CC5E749D6}"
EndProject
Global
	GlobalSection(SolutionConfigurationPlatforms) = preSolution
		Debug|Any CPU = Debug|Any CPU
		Release|Any CPU = Release|Any CPU
	EndGlobalSection
	GlobalSection(ProjectConfigurationPlatforms) = postSolution
		{D2E5EBCE-00D5-406C-AEED-AFAA94DD24C6}.Debug|Any CPU.ActiveCfg = Debug|Any CPU
		{D2E5EBCE-00D5-406C-AEED-AFAA94DD24C6}.Debug|Any CPU.Build.0 = Debug|Any CPU
		{D2E5EBCE-00D5-406C-AEED-AFAA94DD24C6}.Release|Any CPU.ActiveCfg = Release|Any CPU
		{D2E5EBCE-00D5-406C-AEED-AFAA94DD24C6}.Release|Any CPU.Build.0 = Release|Any CPU
		{0CA8B1DC-BFED-474E-B5E5-F13A6D42811A}.Debug|Any CPU.ActiveCfg = Debug|Any CPU
		{0CA8B1DC-BFED-474E-B5E5-F13A6D42811A}.Debug|Any CPU.Build.0 = Debug|Any CPU
		{0CA8B1DC-BFED-474E-B5E5-F13A6D42811A}.Release|Any CPU.ActiveCfg = Release|Any CPU
		{0CA8B1DC-BFED-474E-B5E5-F13A6D42811A}.Release|Any CPU.Build.0 = Release|Any CPU
		{EBBFC079-F798-44AA-A417-B15CC5E749D6}.Debug|Any CPU.ActiveCfg = Debug|Any CPU
		{EBBFC079-F798-44AA-A417-B15CC5E749D6}.Debug|Any CPU.Build.0 = Debug|Any CPU
		{EBBFC079-F798-44AA-A417-B15CC5E749D6}.Release|Any CPU.ActiveCfg = Release|Any CPU
		{EBBFC079-F798-44AA-A417-B15CC5E749D6}.Release|Any CPU.Build.0 = Release|Any CPU
	EndGlobalSection
	GlobalSection(SolutionProperties) = preSolution
		HideSolutionNode = FALSE
	EndGlobalSection
	GlobalSection(ExtensibilityGlobals) = postSolution
		SolutionGuid = {D4D6E8B6-BB88-488D-8FA9-62D28A1F348E}
	EndGlobalSection
EndGlobal
